
Microsoft Visual Studio Solution File, Format Version 12.00
# Visual Studio 14
VisualStudioVersion = 14.0.25420.1
MinimumVisualStudioVersion = 10.0.40219.1
Project("{FAE04EC0-301F-11D3-BF4B-00C04F79EFBC}") = "[ZMH5] Helios", "[ZMH5] Helios\[ZMH5] Helios.csproj", "{DA5349F1-7DE2-42F2-8061-376576C1D9D5}"
EndProject
Project("{FAE04EC0-301F-11D3-BF4B-00C04F79EFBC}") = "ZatsHackBase", "ZatsHackBase\ZatsHackBase.csproj", "{B0524AED-1972-443A-9EED-6F1C8FDBE37A}"
EndProject
Global
	GlobalSection(SolutionConfigurationPlatforms) = preSolution
		Debug|Any CPU = Debug|Any CPU
		Debug|x64 = Debug|x64
		Release|Any CPU = Release|Any CPU
		Release|x64 = Release|x64
	EndGlobalSection
	GlobalSection(ProjectConfigurationPlatforms) = postSolution
		{DA5349F1-7DE2-42F2-8061-376576C1D9D5}.Debug|Any CPU.ActiveCfg = Debug|Any CPU
		{DA5349F1-7DE2-42F2-8061-376576C1D9D5}.Debug|Any CPU.Build.0 = Debug|Any CPU
		{DA5349F1-7DE2-42F2-8061-376576C1D9D5}.Debug|x64.ActiveCfg = Debug|x64
		{DA5349F1-7DE2-42F2-8061-376576C1D9D5}.Debug|x64.Build.0 = Debug|x64
		{DA5349F1-7DE2-42F2-8061-376576C1D9D5}.Release|Any CPU.ActiveCfg = Release|Any CPU
		{DA5349F1-7DE2-42F2-8061-376576C1D9D5}.Release|Any CPU.Build.0 = Release|Any CPU
		{DA5349F1-7DE2-42F2-8061-376576C1D9D5}.Release|x64.ActiveCfg = Release|x64
		{DA5349F1-7DE2-42F2-8061-376576C1D9D5}.Release|x64.Build.0 = Release|x64
		{B0524AED-1972-443A-9EED-6F1C8FDBE37A}.Debug|Any CPU.ActiveCfg = Debug|Any CPU
		{B0524AED-1972-443A-9EED-6F1C8FDBE37A}.Debug|Any CPU.Build.0 = Debug|Any CPU
		{B0524AED-1972-443A-9EED-6F1C8FDBE37A}.Debug|x64.ActiveCfg = Debug|x64
		{B0524AED-1972-443A-9EED-6F1C8FDBE37A}.Debug|x64.Build.0 = Debug|x64
		{B0524AED-1972-443A-9EED-6F1C8FDBE37A}.Release|Any CPU.ActiveCfg = Release|Any CPU
		{B0524AED-1972-443A-9EED-6F1C8FDBE37A}.Release|Any CPU.Build.0 = Release|Any CPU
		{B0524AED-1972-443A-9EED-6F1C8FDBE37A}.Release|x64.ActiveCfg = Release|x64
		{B0524AED-1972-443A-9EED-6F1C8FDBE37A}.Release|x64.Build.0 = Release|x64
	EndGlobalSection
	GlobalSection(SolutionProperties) = preSolution
		HideSolutionNode = FALSE
	EndGlobalSection
EndGlobal
